// !$*UTF8*$!
{
	archiveVersion = 1;
	classes = {
	};
	objectVersion = 56;
	objects = {

/* Begin PBXBuildFile section */
		A8314672293745A200778640 /* AppDelegate.swift in Sources */ = {isa = PBXBuildFile; fileRef = A8314671293745A200778640 /* AppDelegate.swift */; };
		A8314676293745A200778640 /* ViewController.swift in Sources */ = {isa = PBXBuildFile; fileRef = A8314675293745A200778640 /* ViewController.swift */; };
		A8314679293745A200778640 /* Main.storyboard in Resources */ = {isa = PBXBuildFile; fileRef = A8314677293745A200778640 /* Main.storyboard */; };
		A831467B293745A400778640 /* Assets.xcassets in Resources */ = {isa = PBXBuildFile; fileRef = A831467A293745A400778640 /* Assets.xcassets */; };
		A831467E293745A400778640 /* LaunchScreen.storyboard in Resources */ = {isa = PBXBuildFile; fileRef = A831467C293745A400778640 /* LaunchScreen.storyboard */; };
		A8314689293745A400778640 /* WeatherTests.swift in Sources */ = {isa = PBXBuildFile; fileRef = A8314688293745A400778640 /* WeatherTests.swift */; };
		A8314693293745A400778640 /* WeatherUITests.swift in Sources */ = {isa = PBXBuildFile; fileRef = A8314692293745A400778640 /* WeatherUITests.swift */; };
		A8314695293745A400778640 /* WeatherUITestsLaunchTests.swift in Sources */ = {isa = PBXBuildFile; fileRef = A8314694293745A400778640 /* WeatherUITestsLaunchTests.swift */; };
		A83146A42937469400778640 /* UIComponents in Frameworks */ = {isa = PBXBuildFile; productRef = A83146A32937469400778640 /* UIComponents */; };
		A83146A82937499700778640 /* Network in Frameworks */ = {isa = PBXBuildFile; productRef = A83146A72937499700778640 /* Network */; };
		A8B3A889293965F9006ABF9A /* MainDataFlow.swift in Sources */ = {isa = PBXBuildFile; fileRef = A8B3A87B293965F9006ABF9A /* MainDataFlow.swift */; };
		A8B3A88A293965F9006ABF9A /* MainPresenter.swift in Sources */ = {isa = PBXBuildFile; fileRef = A8B3A87D293965F9006ABF9A /* MainPresenter.swift */; };
		A8B3A88B293965F9006ABF9A /* MainPresenterProtocol.swift in Sources */ = {isa = PBXBuildFile; fileRef = A8B3A87E293965F9006ABF9A /* MainPresenterProtocol.swift */; };
		A8B3A88C293965F9006ABF9A /* MainViewController.swift in Sources */ = {isa = PBXBuildFile; fileRef = A8B3A880293965F9006ABF9A /* MainViewController.swift */; };
		A8B3A88D293965F9006ABF9A /* MainView.swift in Sources */ = {isa = PBXBuildFile; fileRef = A8B3A882293965F9006ABF9A /* MainView.swift */; };
		A8B3A88E293965F9006ABF9A /* MainViewControllerProtocol.swift in Sources */ = {isa = PBXBuildFile; fileRef = A8B3A883293965F9006ABF9A /* MainViewControllerProtocol.swift */; };
		A8B3A88F293965F9006ABF9A /* MainBuilder.swift in Sources */ = {isa = PBXBuildFile; fileRef = A8B3A885293965F9006ABF9A /* MainBuilder.swift */; };
		A8B3A890293965F9006ABF9A /* MainInteractor.swift in Sources */ = {isa = PBXBuildFile; fileRef = A8B3A887293965F9006ABF9A /* MainInteractor.swift */; };
		A8B3A891293965F9006ABF9A /* MainInteractorProtocol.swift in Sources */ = {isa = PBXBuildFile; fileRef = A8B3A888293965F9006ABF9A /* MainInteractorProtocol.swift */; };
		A8B3A895293B9E4C006ABF9A /* FeelsLikeView.swift in Sources */ = {isa = PBXBuildFile; fileRef = A8B3A894293B9E4C006ABF9A /* FeelsLikeView.swift */; };
		A8B3A899293BA1BA006ABF9A /* AppStrings.swift in Sources */ = {isa = PBXBuildFile; fileRef = A8B3A898293BA1BA006ABF9A /* AppStrings.swift */; };
		A8B3A89B293BA1F9006ABF9A /* Localizable.strings in Resources */ = {isa = PBXBuildFile; fileRef = A8B3A89A293BA1F9006ABF9A /* Localizable.strings */; };
		A8B3A89E293BA26C006ABF9A /* LocalizationResourceConvertable.swift in Sources */ = {isa = PBXBuildFile; fileRef = A8B3A89D293BA26C006ABF9A /* LocalizationResourceConvertable.swift */; };
		A8B3A8A0293BA293006ABF9A /* ResourceConvertible.swift in Sources */ = {isa = PBXBuildFile; fileRef = A8B3A89F293BA293006ABF9A /* ResourceConvertible.swift */; };
		A8B3A8A2293BA729006ABF9A /* SunTimingView.swift in Sources */ = {isa = PBXBuildFile; fileRef = A8B3A8A1293BA729006ABF9A /* SunTimingView.swift */; };
		A8B3A8A4293BC18F006ABF9A /* WeatherState.swift in Sources */ = {isa = PBXBuildFile; fileRef = A8B3A8A3293BC18F006ABF9A /* WeatherState.swift */; };
		A8F35A8A293BF31400C80D97 /* TimeState.swift in Sources */ = {isa = PBXBuildFile; fileRef = A8F35A89293BF31400C80D97 /* TimeState.swift */; };
		A8F35A8C293BFB6E00C80D97 /* HourForecastCell.swift in Sources */ = {isa = PBXBuildFile; fileRef = A8F35A8B293BFB6E00C80D97 /* HourForecastCell.swift */; };
		A8F35A8F293BFED000C80D97 /* HourForecastCollectionDataSource.swift in Sources */ = {isa = PBXBuildFile; fileRef = A8F35A8E293BFED000C80D97 /* HourForecastCollectionDataSource.swift */; };
		A8F35A91293C052400C80D97 /* DayForecastCell.swift in Sources */ = {isa = PBXBuildFile; fileRef = A8F35A90293C052400C80D97 /* DayForecastCell.swift */; };
		A8F35A93293C074000C80D97 /* DayForecastCollectionDataSource.swift in Sources */ = {isa = PBXBuildFile; fileRef = A8F35A92293C074000C80D97 /* DayForecastCollectionDataSource.swift */; };
		A8F35A96293CDEAA00C80D97 /* AdditionalSectionHeaderView.swift in Sources */ = {isa = PBXBuildFile; fileRef = A8F35A95293CDEAA00C80D97 /* AdditionalSectionHeaderView.swift */; };
/* End PBXBuildFile section */

/* Begin PBXContainerItemProxy section */
		A8314685293745A400778640 /* PBXContainerItemProxy */ = {
			isa = PBXContainerItemProxy;
			containerPortal = A8314666293745A200778640 /* Project object */;
			proxyType = 1;
			remoteGlobalIDString = A831466D293745A200778640;
			remoteInfo = Weather;
		};
		A831468F293745A400778640 /* PBXContainerItemProxy */ = {
			isa = PBXContainerItemProxy;
			containerPortal = A8314666293745A200778640 /* Project object */;
			proxyType = 1;
			remoteGlobalIDString = A831466D293745A200778640;
			remoteInfo = Weather;
		};
/* End PBXContainerItemProxy section */

/* Begin PBXFileReference section */
		A831466E293745A200778640 /* Weather.app */ = {isa = PBXFileReference; explicitFileType = wrapper.application; includeInIndex = 0; path = Weather.app; sourceTree = BUILT_PRODUCTS_DIR; };
		A8314671293745A200778640 /* AppDelegate.swift */ = {isa = PBXFileReference; lastKnownFileType = sourcecode.swift; path = AppDelegate.swift; sourceTree = "<group>"; };
		A8314675293745A200778640 /* ViewController.swift */ = {isa = PBXFileReference; lastKnownFileType = sourcecode.swift; path = ViewController.swift; sourceTree = "<group>"; };
		A8314678293745A200778640 /* Base */ = {isa = PBXFileReference; lastKnownFileType = file.storyboard; name = Base; path = Base.lproj/Main.storyboard; sourceTree = "<group>"; };
		A831467A293745A400778640 /* Assets.xcassets */ = {isa = PBXFileReference; lastKnownFileType = folder.assetcatalog; path = Assets.xcassets; sourceTree = "<group>"; };
		A831467D293745A400778640 /* Base */ = {isa = PBXFileReference; lastKnownFileType = file.storyboard; name = Base; path = Base.lproj/LaunchScreen.storyboard; sourceTree = "<group>"; };
		A831467F293745A400778640 /* Info.plist */ = {isa = PBXFileReference; lastKnownFileType = text.plist.xml; path = Info.plist; sourceTree = "<group>"; };
		A8314684293745A400778640 /* WeatherTests.xctest */ = {isa = PBXFileReference; explicitFileType = wrapper.cfbundle; includeInIndex = 0; path = WeatherTests.xctest; sourceTree = BUILT_PRODUCTS_DIR; };
		A8314688293745A400778640 /* WeatherTests.swift */ = {isa = PBXFileReference; lastKnownFileType = sourcecode.swift; path = WeatherTests.swift; sourceTree = "<group>"; };
		A831468E293745A400778640 /* WeatherUITests.xctest */ = {isa = PBXFileReference; explicitFileType = wrapper.cfbundle; includeInIndex = 0; path = WeatherUITests.xctest; sourceTree = BUILT_PRODUCTS_DIR; };
		A8314692293745A400778640 /* WeatherUITests.swift */ = {isa = PBXFileReference; lastKnownFileType = sourcecode.swift; path = WeatherUITests.swift; sourceTree = "<group>"; };
		A8314694293745A400778640 /* WeatherUITestsLaunchTests.swift */ = {isa = PBXFileReference; lastKnownFileType = sourcecode.swift; path = WeatherUITestsLaunchTests.swift; sourceTree = "<group>"; };
		A83146A52937483B00778640 /* UIComponents */ = {isa = PBXFileReference; lastKnownFileType = wrapper; name = UIComponents; path = Weather/UIComponents; sourceTree = "<group>"; };
		A83146A62937498E00778640 /* Network */ = {isa = PBXFileReference; lastKnownFileType = wrapper; name = Network; path = ../Network; sourceTree = "<group>"; };
		A8B3A87B293965F9006ABF9A /* MainDataFlow.swift */ = {isa = PBXFileReference; fileEncoding = 4; lastKnownFileType = sourcecode.swift; path = MainDataFlow.swift; sourceTree = "<group>"; };
		A8B3A87D293965F9006ABF9A /* MainPresenter.swift */ = {isa = PBXFileReference; fileEncoding = 4; lastKnownFileType = sourcecode.swift; path = MainPresenter.swift; sourceTree = "<group>"; };
		A8B3A87E293965F9006ABF9A /* MainPresenterProtocol.swift */ = {isa = PBXFileReference; fileEncoding = 4; lastKnownFileType = sourcecode.swift; path = MainPresenterProtocol.swift; sourceTree = "<group>"; };
		A8B3A880293965F9006ABF9A /* MainViewController.swift */ = {isa = PBXFileReference; fileEncoding = 4; lastKnownFileType = sourcecode.swift; path = MainViewController.swift; sourceTree = "<group>"; };
		A8B3A882293965F9006ABF9A /* MainView.swift */ = {isa = PBXFileReference; fileEncoding = 4; lastKnownFileType = sourcecode.swift; path = MainView.swift; sourceTree = "<group>"; };
		A8B3A883293965F9006ABF9A /* MainViewControllerProtocol.swift */ = {isa = PBXFileReference; fileEncoding = 4; lastKnownFileType = sourcecode.swift; path = MainViewControllerProtocol.swift; sourceTree = "<group>"; };
		A8B3A885293965F9006ABF9A /* MainBuilder.swift */ = {isa = PBXFileReference; fileEncoding = 4; lastKnownFileType = sourcecode.swift; path = MainBuilder.swift; sourceTree = "<group>"; };
		A8B3A887293965F9006ABF9A /* MainInteractor.swift */ = {isa = PBXFileReference; fileEncoding = 4; lastKnownFileType = sourcecode.swift; path = MainInteractor.swift; sourceTree = "<group>"; };
		A8B3A888293965F9006ABF9A /* MainInteractorProtocol.swift */ = {isa = PBXFileReference; fileEncoding = 4; lastKnownFileType = sourcecode.swift; path = MainInteractorProtocol.swift; sourceTree = "<group>"; };
		A8B3A894293B9E4C006ABF9A /* FeelsLikeView.swift */ = {isa = PBXFileReference; lastKnownFileType = sourcecode.swift; path = FeelsLikeView.swift; sourceTree = "<group>"; };
		A8B3A898293BA1BA006ABF9A /* AppStrings.swift */ = {isa = PBXFileReference; lastKnownFileType = sourcecode.swift; path = AppStrings.swift; sourceTree = "<group>"; };
		A8B3A89A293BA1F9006ABF9A /* Localizable.strings */ = {isa = PBXFileReference; lastKnownFileType = text.plist.strings; path = Localizable.strings; sourceTree = "<group>"; };
		A8B3A89D293BA26C006ABF9A /* LocalizationResourceConvertable.swift */ = {isa = PBXFileReference; lastKnownFileType = sourcecode.swift; path = LocalizationResourceConvertable.swift; sourceTree = "<group>"; };
		A8B3A89F293BA293006ABF9A /* ResourceConvertible.swift */ = {isa = PBXFileReference; lastKnownFileType = sourcecode.swift; path = ResourceConvertible.swift; sourceTree = "<group>"; };
		A8B3A8A1293BA729006ABF9A /* SunTimingView.swift */ = {isa = PBXFileReference; lastKnownFileType = sourcecode.swift; path = SunTimingView.swift; sourceTree = "<group>"; };
		A8B3A8A3293BC18F006ABF9A /* WeatherState.swift */ = {isa = PBXFileReference; lastKnownFileType = sourcecode.swift; path = WeatherState.swift; sourceTree = "<group>"; };
		A8F35A89293BF31400C80D97 /* TimeState.swift */ = {isa = PBXFileReference; lastKnownFileType = sourcecode.swift; path = TimeState.swift; sourceTree = "<group>"; };
		A8F35A8B293BFB6E00C80D97 /* HourForecastCell.swift */ = {isa = PBXFileReference; lastKnownFileType = sourcecode.swift; path = HourForecastCell.swift; sourceTree = "<group>"; };
		A8F35A8E293BFED000C80D97 /* HourForecastCollectionDataSource.swift */ = {isa = PBXFileReference; lastKnownFileType = sourcecode.swift; path = HourForecastCollectionDataSource.swift; sourceTree = "<group>"; };
		A8F35A90293C052400C80D97 /* DayForecastCell.swift */ = {isa = PBXFileReference; lastKnownFileType = sourcecode.swift; path = DayForecastCell.swift; sourceTree = "<group>"; };
		A8F35A92293C074000C80D97 /* DayForecastCollectionDataSource.swift */ = {isa = PBXFileReference; lastKnownFileType = sourcecode.swift; path = DayForecastCollectionDataSource.swift; sourceTree = "<group>"; };
		A8F35A95293CDEAA00C80D97 /* AdditionalSectionHeaderView.swift */ = {isa = PBXFileReference; lastKnownFileType = sourcecode.swift; path = AdditionalSectionHeaderView.swift; sourceTree = "<group>"; };
/* End PBXFileReference section */

/* Begin PBXFrameworksBuildPhase section */
		A831466B293745A200778640 /* Frameworks */ = {
			isa = PBXFrameworksBuildPhase;
			buildActionMask = 2147483647;
			files = (
				A83146A42937469400778640 /* UIComponents in Frameworks */,
				A83146A82937499700778640 /* Network in Frameworks */,
			);
			runOnlyForDeploymentPostprocessing = 0;
		};
		A8314681293745A400778640 /* Frameworks */ = {
			isa = PBXFrameworksBuildPhase;
			buildActionMask = 2147483647;
			files = (
			);
			runOnlyForDeploymentPostprocessing = 0;
		};
		A831468B293745A400778640 /* Frameworks */ = {
			isa = PBXFrameworksBuildPhase;
			buildActionMask = 2147483647;
			files = (
			);
			runOnlyForDeploymentPostprocessing = 0;
		};
/* End PBXFrameworksBuildPhase section */

/* Begin PBXGroup section */
		A8314665293745A200778640 = {
			isa = PBXGroup;
			children = (
				A83146A62937498E00778640 /* Network */,
				A83146A52937483B00778640 /* UIComponents */,
				A8314670293745A200778640 /* Weather */,
				A8314687293745A400778640 /* WeatherTests */,
				A8314691293745A400778640 /* WeatherUITests */,
				A831466F293745A200778640 /* Products */,
				A83146A22937469400778640 /* Frameworks */,
			);
			sourceTree = "<group>";
		};
		A831466F293745A200778640 /* Products */ = {
			isa = PBXGroup;
			children = (
				A831466E293745A200778640 /* Weather.app */,
				A8314684293745A400778640 /* WeatherTests.xctest */,
				A831468E293745A400778640 /* WeatherUITests.xctest */,
			);
			name = Products;
			sourceTree = "<group>";
		};
		A8314670293745A200778640 /* Weather */ = {
			isa = PBXGroup;
			children = (
				A8B3A896293BA17B006ABF9A /* AppResources */,
				A8B3A879293965F9006ABF9A /* Main */,
				A8314671293745A200778640 /* AppDelegate.swift */,
				A8314675293745A200778640 /* ViewController.swift */,
				A8314677293745A200778640 /* Main.storyboard */,
				A831467A293745A400778640 /* Assets.xcassets */,
				A831467C293745A400778640 /* LaunchScreen.storyboard */,
				A831467F293745A400778640 /* Info.plist */,
			);
			path = Weather;
			sourceTree = "<group>";
		};
		A8314687293745A400778640 /* WeatherTests */ = {
			isa = PBXGroup;
			children = (
				A8314688293745A400778640 /* WeatherTests.swift */,
			);
			path = WeatherTests;
			sourceTree = "<group>";
		};
		A8314691293745A400778640 /* WeatherUITests */ = {
			isa = PBXGroup;
			children = (
				A8314692293745A400778640 /* WeatherUITests.swift */,
				A8314694293745A400778640 /* WeatherUITestsLaunchTests.swift */,
			);
			path = WeatherUITests;
			sourceTree = "<group>";
		};
		A83146A22937469400778640 /* Frameworks */ = {
			isa = PBXGroup;
			children = (
			);
			name = Frameworks;
			sourceTree = "<group>";
		};
		A8B3A879293965F9006ABF9A /* Main */ = {
			isa = PBXGroup;
			children = (
				A8B3A87A293965F9006ABF9A /* DataFlow */,
				A8B3A87C293965F9006ABF9A /* Presenter */,
				A8B3A87F293965F9006ABF9A /* ViewController */,
				A8B3A884293965F9006ABF9A /* Builder */,
				A8B3A886293965F9006ABF9A /* Interactor */,
			);
			path = Main;
			sourceTree = "<group>";
		};
		A8B3A87A293965F9006ABF9A /* DataFlow */ = {
			isa = PBXGroup;
			children = (
				A8B3A87B293965F9006ABF9A /* MainDataFlow.swift */,
			);
			path = DataFlow;
			sourceTree = "<group>";
		};
		A8B3A87C293965F9006ABF9A /* Presenter */ = {
			isa = PBXGroup;
			children = (
				A8B3A87D293965F9006ABF9A /* MainPresenter.swift */,
				A8B3A87E293965F9006ABF9A /* MainPresenterProtocol.swift */,
			);
			path = Presenter;
			sourceTree = "<group>";
		};
		A8B3A87F293965F9006ABF9A /* ViewController */ = {
			isa = PBXGroup;
			children = (
				A8F35A8D293BFEBF00C80D97 /* DataSource */,
				A8F35A88293BF30000C80D97 /* States */,
				A8B3A892293B923A006ABF9A /* Cells */,
				A8B3A880293965F9006ABF9A /* MainViewController.swift */,
				A8B3A881293965F9006ABF9A /* View */,
				A8B3A883293965F9006ABF9A /* MainViewControllerProtocol.swift */,
			);
			path = ViewController;
			sourceTree = "<group>";
		};
		A8B3A881293965F9006ABF9A /* View */ = {
			isa = PBXGroup;
			children = (
				A8F35A94293CDE8A00C80D97 /* Headers */,
				A8B3A893293B9E1E006ABF9A /* AdditionalInfo */,
				A8B3A882293965F9006ABF9A /* MainView.swift */,
			);
			path = View;
			sourceTree = "<group>";
		};
		A8B3A884293965F9006ABF9A /* Builder */ = {
			isa = PBXGroup;
			children = (
				A8B3A885293965F9006ABF9A /* MainBuilder.swift */,
			);
			path = Builder;
			sourceTree = "<group>";
		};
		A8B3A886293965F9006ABF9A /* Interactor */ = {
			isa = PBXGroup;
			children = (
				A8B3A887293965F9006ABF9A /* MainInteractor.swift */,
				A8B3A888293965F9006ABF9A /* MainInteractorProtocol.swift */,
			);
			path = Interactor;
			sourceTree = "<group>";
		};
		A8B3A892293B923A006ABF9A /* Cells */ = {
			isa = PBXGroup;
			children = (
				A8F35A8B293BFB6E00C80D97 /* HourForecastCell.swift */,
				A8F35A90293C052400C80D97 /* DayForecastCell.swift */,
			);
			path = Cells;
			sourceTree = "<group>";
		};
		A8B3A893293B9E1E006ABF9A /* AdditionalInfo */ = {
			isa = PBXGroup;
			children = (
				A8B3A894293B9E4C006ABF9A /* FeelsLikeView.swift */,
				A8B3A8A1293BA729006ABF9A /* SunTimingView.swift */,
			);
			path = AdditionalInfo;
			sourceTree = "<group>";
		};
		A8B3A896293BA17B006ABF9A /* AppResources */ = {
			isa = PBXGroup;
			children = (
				A8B3A89C293BA260006ABF9A /* Protocols */,
				A8B3A897293BA195006ABF9A /* Strings */,
				A8B3A89A293BA1F9006ABF9A /* Localizable.strings */,
			);
			path = AppResources;
			sourceTree = "<group>";
		};
		A8B3A897293BA195006ABF9A /* Strings */ = {
			isa = PBXGroup;
			children = (
				A8B3A898293BA1BA006ABF9A /* AppStrings.swift */,
			);
			path = Strings;
			sourceTree = "<group>";
		};
		A8B3A89C293BA260006ABF9A /* Protocols */ = {
			isa = PBXGroup;
			children = (
				A8B3A89D293BA26C006ABF9A /* LocalizationResourceConvertable.swift */,
				A8B3A89F293BA293006ABF9A /* ResourceConvertible.swift */,
			);
			path = Protocols;
			sourceTree = "<group>";
		};
		A8F35A88293BF30000C80D97 /* States */ = {
			isa = PBXGroup;
			children = (
				A8B3A8A3293BC18F006ABF9A /* WeatherState.swift */,
				A8F35A89293BF31400C80D97 /* TimeState.swift */,
			);
			path = States;
			sourceTree = "<group>";
		};
		A8F35A8D293BFEBF00C80D97 /* DataSource */ = {
			isa = PBXGroup;
			children = (
				A8F35A8E293BFED000C80D97 /* HourForecastCollectionDataSource.swift */,
				A8F35A92293C074000C80D97 /* DayForecastCollectionDataSource.swift */,
			);
			path = DataSource;
			sourceTree = "<group>";
		};
		A8F35A94293CDE8A00C80D97 /* Headers */ = {
			isa = PBXGroup;
			children = (
				A8F35A95293CDEAA00C80D97 /* AdditionalSectionHeaderView.swift */,
			);
			path = Headers;
			sourceTree = "<group>";
		};
/* End PBXGroup section */

/* Begin PBXNativeTarget section */
		A831466D293745A200778640 /* Weather */ = {
			isa = PBXNativeTarget;
			buildConfigurationList = A8314698293745A400778640 /* Build configuration list for PBXNativeTarget "Weather" */;
			buildPhases = (
				A831466A293745A200778640 /* Sources */,
				A831466B293745A200778640 /* Frameworks */,
				A831466C293745A200778640 /* Resources */,
			);
			buildRules = (
			);
			dependencies = (
			);
			name = Weather;
			packageProductDependencies = (
				A83146A32937469400778640 /* UIComponents */,
				A83146A72937499700778640 /* Network */,
			);
			productName = Weather;
			productReference = A831466E293745A200778640 /* Weather.app */;
			productType = "com.apple.product-type.application";
		};
		A8314683293745A400778640 /* WeatherTests */ = {
			isa = PBXNativeTarget;
			buildConfigurationList = A831469B293745A400778640 /* Build configuration list for PBXNativeTarget "WeatherTests" */;
			buildPhases = (
				A8314680293745A400778640 /* Sources */,
				A8314681293745A400778640 /* Frameworks */,
				A8314682293745A400778640 /* Resources */,
			);
			buildRules = (
			);
			dependencies = (
				A8314686293745A400778640 /* PBXTargetDependency */,
			);
			name = WeatherTests;
			productName = WeatherTests;
			productReference = A8314684293745A400778640 /* WeatherTests.xctest */;
			productType = "com.apple.product-type.bundle.unit-test";
		};
		A831468D293745A400778640 /* WeatherUITests */ = {
			isa = PBXNativeTarget;
			buildConfigurationList = A831469E293745A400778640 /* Build configuration list for PBXNativeTarget "WeatherUITests" */;
			buildPhases = (
				A831468A293745A400778640 /* Sources */,
				A831468B293745A400778640 /* Frameworks */,
				A831468C293745A400778640 /* Resources */,
			);
			buildRules = (
			);
			dependencies = (
				A8314690293745A400778640 /* PBXTargetDependency */,
			);
			name = WeatherUITests;
			productName = WeatherUITests;
			productReference = A831468E293745A400778640 /* WeatherUITests.xctest */;
			productType = "com.apple.product-type.bundle.ui-testing";
		};
/* End PBXNativeTarget section */

/* Begin PBXProject section */
		A8314666293745A200778640 /* Project object */ = {
			isa = PBXProject;
			attributes = {
				BuildIndependentTargetsInParallel = 1;
				LastSwiftUpdateCheck = 1400;
				LastUpgradeCheck = 1400;
				TargetAttributes = {
					A831466D293745A200778640 = {
						CreatedOnToolsVersion = 14.0;
					};
					A8314683293745A400778640 = {
						CreatedOnToolsVersion = 14.0;
						TestTargetID = A831466D293745A200778640;
					};
					A831468D293745A400778640 = {
						CreatedOnToolsVersion = 14.0;
						TestTargetID = A831466D293745A200778640;
					};
				};
			};
			buildConfigurationList = A8314669293745A200778640 /* Build configuration list for PBXProject "Weather" */;
			compatibilityVersion = "Xcode 14.0";
			developmentRegion = en;
			hasScannedForEncodings = 0;
			knownRegions = (
				en,
				Base,
			);
			mainGroup = A8314665293745A200778640;
			productRefGroup = A831466F293745A200778640 /* Products */;
			projectDirPath = "";
			projectRoot = "";
			targets = (
				A831466D293745A200778640 /* Weather */,
				A8314683293745A400778640 /* WeatherTests */,
				A831468D293745A400778640 /* WeatherUITests */,
			);
		};
/* End PBXProject section */

/* Begin PBXResourcesBuildPhase section */
		A831466C293745A200778640 /* Resources */ = {
			isa = PBXResourcesBuildPhase;
			buildActionMask = 2147483647;
			files = (
				A831467E293745A400778640 /* LaunchScreen.storyboard in Resources */,
				A8B3A89B293BA1F9006ABF9A /* Localizable.strings in Resources */,
				A831467B293745A400778640 /* Assets.xcassets in Resources */,
				A8314679293745A200778640 /* Main.storyboard in Resources */,
			);
			runOnlyForDeploymentPostprocessing = 0;
		};
		A8314682293745A400778640 /* Resources */ = {
			isa = PBXResourcesBuildPhase;
			buildActionMask = 2147483647;
			files = (
			);
			runOnlyForDeploymentPostprocessing = 0;
		};
		A831468C293745A400778640 /* Resources */ = {
			isa = PBXResourcesBuildPhase;
			buildActionMask = 2147483647;
			files = (
			);
			runOnlyForDeploymentPostprocessing = 0;
		};
/* End PBXResourcesBuildPhase section */

/* Begin PBXSourcesBuildPhase section */
		A831466A293745A200778640 /* Sources */ = {
			isa = PBXSourcesBuildPhase;
			buildActionMask = 2147483647;
			files = (
				A8B3A89E293BA26C006ABF9A /* LocalizationResourceConvertable.swift in Sources */,
				A8B3A899293BA1BA006ABF9A /* AppStrings.swift in Sources */,
				A8B3A88B293965F9006ABF9A /* MainPresenterProtocol.swift in Sources */,
				A8B3A88D293965F9006ABF9A /* MainView.swift in Sources */,
				A8B3A88E293965F9006ABF9A /* MainViewControllerProtocol.swift in Sources */,
				A8B3A8A0293BA293006ABF9A /* ResourceConvertible.swift in Sources */,
				A8B3A8A4293BC18F006ABF9A /* WeatherState.swift in Sources */,
				A8B3A890293965F9006ABF9A /* MainInteractor.swift in Sources */,
				A8F35A93293C074000C80D97 /* DayForecastCollectionDataSource.swift in Sources */,
				A8F35A8A293BF31400C80D97 /* TimeState.swift in Sources */,
				A8B3A8A2293BA729006ABF9A /* SunTimingView.swift in Sources */,
				A8314676293745A200778640 /* ViewController.swift in Sources */,
				A8F35A96293CDEAA00C80D97 /* AdditionalSectionHeaderView.swift in Sources */,
				A8B3A889293965F9006ABF9A /* MainDataFlow.swift in Sources */,
				A8B3A88F293965F9006ABF9A /* MainBuilder.swift in Sources */,
				A8B3A88C293965F9006ABF9A /* MainViewController.swift in Sources */,
				A8314672293745A200778640 /* AppDelegate.swift in Sources */,
				A8B3A891293965F9006ABF9A /* MainInteractorProtocol.swift in Sources */,
				A8B3A88A293965F9006ABF9A /* MainPresenter.swift in Sources */,
				A8F35A8F293BFED000C80D97 /* HourForecastCollectionDataSource.swift in Sources */,
				A8F35A8C293BFB6E00C80D97 /* HourForecastCell.swift in Sources */,
				A8B3A895293B9E4C006ABF9A /* FeelsLikeView.swift in Sources */,
				A8F35A91293C052400C80D97 /* DayForecastCell.swift in Sources */,
			);
			runOnlyForDeploymentPostprocessing = 0;
		};
		A8314680293745A400778640 /* Sources */ = {
			isa = PBXSourcesBuildPhase;
			buildActionMask = 2147483647;
			files = (
				A8314689293745A400778640 /* WeatherTests.swift in Sources */,
			);
			runOnlyForDeploymentPostprocessing = 0;
		};
		A831468A293745A400778640 /* Sources */ = {
			isa = PBXSourcesBuildPhase;
			buildActionMask = 2147483647;
			files = (
				A8314693293745A400778640 /* WeatherUITests.swift in Sources */,
				A8314695293745A400778640 /* WeatherUITestsLaunchTests.swift in Sources */,
			);
			runOnlyForDeploymentPostprocessing = 0;
		};
/* End PBXSourcesBuildPhase section */

/* Begin PBXTargetDependency section */
		A8314686293745A400778640 /* PBXTargetDependency */ = {
			isa = PBXTargetDependency;
			target = A831466D293745A200778640 /* Weather */;
			targetProxy = A8314685293745A400778640 /* PBXContainerItemProxy */;
		};
		A8314690293745A400778640 /* PBXTargetDependency */ = {
			isa = PBXTargetDependency;
			target = A831466D293745A200778640 /* Weather */;
			targetProxy = A831468F293745A400778640 /* PBXContainerItemProxy */;
		};
/* End PBXTargetDependency section */

/* Begin PBXVariantGroup section */
		A8314677293745A200778640 /* Main.storyboard */ = {
			isa = PBXVariantGroup;
			children = (
				A8314678293745A200778640 /* Base */,
			);
			name = Main.storyboard;
			sourceTree = "<group>";
		};
		A831467C293745A400778640 /* LaunchScreen.storyboard */ = {
			isa = PBXVariantGroup;
			children = (
				A831467D293745A400778640 /* Base */,
			);
			name = LaunchScreen.storyboard;
			sourceTree = "<group>";
		};
/* End PBXVariantGroup section */

/* Begin XCBuildConfiguration section */
		A8314696293745A400778640 /* Debug */ = {
			isa = XCBuildConfiguration;
			buildSettings = {
				ALWAYS_SEARCH_USER_PATHS = NO;
				CLANG_ANALYZER_NONNULL = YES;
				CLANG_ANALYZER_NUMBER_OBJECT_CONVERSION = YES_AGGRESSIVE;
				CLANG_CXX_LANGUAGE_STANDARD = "gnu++20";
				CLANG_ENABLE_MODULES = YES;
				CLANG_ENABLE_OBJC_ARC = YES;
				CLANG_ENABLE_OBJC_WEAK = YES;
				CLANG_WARN_BLOCK_CAPTURE_AUTORELEASING = YES;
				CLANG_WARN_BOOL_CONVERSION = YES;
				CLANG_WARN_COMMA = YES;
				CLANG_WARN_CONSTANT_CONVERSION = YES;
				CLANG_WARN_DEPRECATED_OBJC_IMPLEMENTATIONS = YES;
				CLANG_WARN_DIRECT_OBJC_ISA_USAGE = YES_ERROR;
				CLANG_WARN_DOCUMENTATION_COMMENTS = YES;
				CLANG_WARN_EMPTY_BODY = YES;
				CLANG_WARN_ENUM_CONVERSION = YES;
				CLANG_WARN_INFINITE_RECURSION = YES;
				CLANG_WARN_INT_CONVERSION = YES;
				CLANG_WARN_NON_LITERAL_NULL_CONVERSION = YES;
				CLANG_WARN_OBJC_IMPLICIT_RETAIN_SELF = YES;
				CLANG_WARN_OBJC_LITERAL_CONVERSION = YES;
				CLANG_WARN_OBJC_ROOT_CLASS = YES_ERROR;
				CLANG_WARN_QUOTED_INCLUDE_IN_FRAMEWORK_HEADER = YES;
				CLANG_WARN_RANGE_LOOP_ANALYSIS = YES;
				CLANG_WARN_STRICT_PROTOTYPES = YES;
				CLANG_WARN_SUSPICIOUS_MOVE = YES;
				CLANG_WARN_UNGUARDED_AVAILABILITY = YES_AGGRESSIVE;
				CLANG_WARN_UNREACHABLE_CODE = YES;
				CLANG_WARN__DUPLICATE_METHOD_MATCH = YES;
				COPY_PHASE_STRIP = NO;
				DEBUG_INFORMATION_FORMAT = dwarf;
				ENABLE_STRICT_OBJC_MSGSEND = YES;
				ENABLE_TESTABILITY = YES;
				GCC_C_LANGUAGE_STANDARD = gnu11;
				GCC_DYNAMIC_NO_PIC = NO;
				GCC_NO_COMMON_BLOCKS = YES;
				GCC_OPTIMIZATION_LEVEL = 0;
				GCC_PREPROCESSOR_DEFINITIONS = (
					"DEBUG=1",
					"$(inherited)",
				);
				GCC_WARN_64_TO_32_BIT_CONVERSION = YES;
				GCC_WARN_ABOUT_RETURN_TYPE = YES_ERROR;
				GCC_WARN_UNDECLARED_SELECTOR = YES;
				GCC_WARN_UNINITIALIZED_AUTOS = YES_AGGRESSIVE;
				GCC_WARN_UNUSED_FUNCTION = YES;
				GCC_WARN_UNUSED_VARIABLE = YES;
				IPHONEOS_DEPLOYMENT_TARGET = 13.0;
				MTL_ENABLE_DEBUG_INFO = INCLUDE_SOURCE;
				MTL_FAST_MATH = YES;
				ONLY_ACTIVE_ARCH = YES;
				SDKROOT = iphoneos;
				SWIFT_ACTIVE_COMPILATION_CONDITIONS = DEBUG;
				SWIFT_OPTIMIZATION_LEVEL = "-Onone";
			};
			name = Debug;
		};
		A8314697293745A400778640 /* Release */ = {
			isa = XCBuildConfiguration;
			buildSettings = {
				ALWAYS_SEARCH_USER_PATHS = NO;
				CLANG_ANALYZER_NONNULL = YES;
				CLANG_ANALYZER_NUMBER_OBJECT_CONVERSION = YES_AGGRESSIVE;
				CLANG_CXX_LANGUAGE_STANDARD = "gnu++20";
				CLANG_ENABLE_MODULES = YES;
				CLANG_ENABLE_OBJC_ARC = YES;
				CLANG_ENABLE_OBJC_WEAK = YES;
				CLANG_WARN_BLOCK_CAPTURE_AUTORELEASING = YES;
				CLANG_WARN_BOOL_CONVERSION = YES;
				CLANG_WARN_COMMA = YES;
				CLANG_WARN_CONSTANT_CONVERSION = YES;
				CLANG_WARN_DEPRECATED_OBJC_IMPLEMENTATIONS = YES;
				CLANG_WARN_DIRECT_OBJC_ISA_USAGE = YES_ERROR;
				CLANG_WARN_DOCUMENTATION_COMMENTS = YES;
				CLANG_WARN_EMPTY_BODY = YES;
				CLANG_WARN_ENUM_CONVERSION = YES;
				CLANG_WARN_INFINITE_RECURSION = YES;
				CLANG_WARN_INT_CONVERSION = YES;
				CLANG_WARN_NON_LITERAL_NULL_CONVERSION = YES;
				CLANG_WARN_OBJC_IMPLICIT_RETAIN_SELF = YES;
				CLANG_WARN_OBJC_LITERAL_CONVERSION = YES;
				CLANG_WARN_OBJC_ROOT_CLASS = YES_ERROR;
				CLANG_WARN_QUOTED_INCLUDE_IN_FRAMEWORK_HEADER = YES;
				CLANG_WARN_RANGE_LOOP_ANALYSIS = YES;
				CLANG_WARN_STRICT_PROTOTYPES = YES;
				CLANG_WARN_SUSPICIOUS_MOVE = YES;
				CLANG_WARN_UNGUARDED_AVAILABILITY = YES_AGGRESSIVE;
				CLANG_WARN_UNREACHABLE_CODE = YES;
				CLANG_WARN__DUPLICATE_METHOD_MATCH = YES;
				COPY_PHASE_STRIP = NO;
				DEBUG_INFORMATION_FORMAT = "dwarf-with-dsym";
				ENABLE_NS_ASSERTIONS = NO;
				ENABLE_STRICT_OBJC_MSGSEND = YES;
				GCC_C_LANGUAGE_STANDARD = gnu11;
				GCC_NO_COMMON_BLOCKS = YES;
				GCC_WARN_64_TO_32_BIT_CONVERSION = YES;
				GCC_WARN_ABOUT_RETURN_TYPE = YES_ERROR;
				GCC_WARN_UNDECLARED_SELECTOR = YES;
				GCC_WARN_UNINITIALIZED_AUTOS = YES_AGGRESSIVE;
				GCC_WARN_UNUSED_FUNCTION = YES;
				GCC_WARN_UNUSED_VARIABLE = YES;
				IPHONEOS_DEPLOYMENT_TARGET = 13.0;
				MTL_ENABLE_DEBUG_INFO = NO;
				MTL_FAST_MATH = YES;
				SDKROOT = iphoneos;
				SWIFT_COMPILATION_MODE = wholemodule;
				SWIFT_OPTIMIZATION_LEVEL = "-O";
				VALIDATE_PRODUCT = YES;
			};
			name = Release;
		};
		A8314699293745A400778640 /* Debug */ = {
			isa = XCBuildConfiguration;
			buildSettings = {
				ASSETCATALOG_COMPILER_APPICON_NAME = AppIcon;
				ASSETCATALOG_COMPILER_GLOBAL_ACCENT_COLOR_NAME = AccentColor;
				CODE_SIGN_STYLE = Automatic;
				CURRENT_PROJECT_VERSION = 1;
				DEVELOPMENT_TEAM = 4R899ZV6V2;
				GENERATE_INFOPLIST_FILE = YES;
				INFOPLIST_FILE = Weather/Info.plist;
				INFOPLIST_KEY_UIApplicationSupportsIndirectInputEvents = YES;
				INFOPLIST_KEY_UILaunchStoryboardName = LaunchScreen;
				INFOPLIST_KEY_UIMainStoryboardFile = Main;
				INFOPLIST_KEY_UISupportedInterfaceOrientations = UIInterfaceOrientationPortrait;
				LD_RUNPATH_SEARCH_PATHS = (
					"$(inherited)",
					"@executable_path/Frameworks",
				);
				MARKETING_VERSION = 1.0;
				PRODUCT_BUNDLE_IDENTIFIER = com.techTask.weatherApp.Weather;
				PRODUCT_NAME = "$(TARGET_NAME)";
				SWIFT_EMIT_LOC_STRINGS = YES;
				SWIFT_VERSION = 5.0;
				TARGETED_DEVICE_FAMILY = "1,2";
			};
			name = Debug;
		};
		A831469A293745A400778640 /* Release */ = {
			isa = XCBuildConfiguration;
			buildSettings = {
				ASSETCATALOG_COMPILER_APPICON_NAME = AppIcon;
				ASSETCATALOG_COMPILER_GLOBAL_ACCENT_COLOR_NAME = AccentColor;
				CODE_SIGN_STYLE = Automatic;
				CURRENT_PROJECT_VERSION = 1;
				DEVELOPMENT_TEAM = 4R899ZV6V2;
				GENERATE_INFOPLIST_FILE = YES;
				INFOPLIST_FILE = Weather/Info.plist;
				INFOPLIST_KEY_UIApplicationSupportsIndirectInputEvents = YES;
				INFOPLIST_KEY_UILaunchStoryboardName = LaunchScreen;
				INFOPLIST_KEY_UIMainStoryboardFile = Main;
				INFOPLIST_KEY_UISupportedInterfaceOrientations = UIInterfaceOrientationPortrait;
				LD_RUNPATH_SEARCH_PATHS = (
					"$(inherited)",
					"@executable_path/Frameworks",
				);
				MARKETING_VERSION = 1.0;
				PRODUCT_BUNDLE_IDENTIFIER = com.techTask.weatherApp.Weather;
				PRODUCT_NAME = "$(TARGET_NAME)";
				SWIFT_EMIT_LOC_STRINGS = YES;
				SWIFT_VERSION = 5.0;
				TARGETED_DEVICE_FAMILY = "1,2";
			};
			name = Release;
		};
		A831469C293745A400778640 /* Debug */ = {
			isa = XCBuildConfiguration;
			buildSettings = {
				ALWAYS_EMBED_SWIFT_STANDARD_LIBRARIES = YES;
				BUNDLE_LOADER = "$(TEST_HOST)";
				CODE_SIGN_STYLE = Automatic;
				CURRENT_PROJECT_VERSION = 1;
				DEVELOPMENT_TEAM = 4R899ZV6V2;
				GENERATE_INFOPLIST_FILE = YES;
				IPHONEOS_DEPLOYMENT_TARGET = 16.0;
				MARKETING_VERSION = 1.0;
				PRODUCT_BUNDLE_IDENTIFIER = com.techTask.weatherApp.WeatherTests;
				PRODUCT_NAME = "$(TARGET_NAME)";
				SWIFT_EMIT_LOC_STRINGS = NO;
				SWIFT_VERSION = 5.0;
				TARGETED_DEVICE_FAMILY = "1,2";
				TEST_HOST = "$(BUILT_PRODUCTS_DIR)/Weather.app/$(BUNDLE_EXECUTABLE_FOLDER_PATH)/Weather";
			};
			name = Debug;
		};
		A831469D293745A400778640 /* Release */ = {
			isa = XCBuildConfiguration;
			buildSettings = {
				ALWAYS_EMBED_SWIFT_STANDARD_LIBRARIES = YES;
				BUNDLE_LOADER = "$(TEST_HOST)";
				CODE_SIGN_STYLE = Automatic;
				CURRENT_PROJECT_VERSION = 1;
				DEVELOPMENT_TEAM = 4R899ZV6V2;
				GENERATE_INFOPLIST_FILE = YES;
				IPHONEOS_DEPLOYMENT_TARGET = 16.0;
				MARKETING_VERSION = 1.0;
				PRODUCT_BUNDLE_IDENTIFIER = com.techTask.weatherApp.WeatherTests;
				PRODUCT_NAME = "$(TARGET_NAME)";
				SWIFT_EMIT_LOC_STRINGS = NO;
				SWIFT_VERSION = 5.0;
				TARGETED_DEVICE_FAMILY = "1,2";
				TEST_HOST = "$(BUILT_PRODUCTS_DIR)/Weather.app/$(BUNDLE_EXECUTABLE_FOLDER_PATH)/Weather";
			};
			name = Release;
		};
		A831469F293745A400778640 /* Debug */ = {
			isa = XCBuildConfiguration;
			buildSettings = {
				ALWAYS_EMBED_SWIFT_STANDARD_LIBRARIES = YES;
				CODE_SIGN_STYLE = Automatic;
				CURRENT_PROJECT_VERSION = 1;
				DEVELOPMENT_TEAM = 4R899ZV6V2;
				GENERATE_INFOPLIST_FILE = YES;
				MARKETING_VERSION = 1.0;
				PRODUCT_BUNDLE_IDENTIFIER = com.techTask.weatherApp.WeatherUITests;
				PRODUCT_NAME = "$(TARGET_NAME)";
				SWIFT_EMIT_LOC_STRINGS = NO;
				SWIFT_VERSION = 5.0;
				TARGETED_DEVICE_FAMILY = "1,2";
				TEST_TARGET_NAME = Weather;
			};
			name = Debug;
		};
		A83146A0293745A400778640 /* Release */ = {
			isa = XCBuildConfiguration;
			buildSettings = {
				ALWAYS_EMBED_SWIFT_STANDARD_LIBRARIES = YES;
				CODE_SIGN_STYLE = Automatic;
				CURRENT_PROJECT_VERSION = 1;
				DEVELOPMENT_TEAM = 4R899ZV6V2;
				GENERATE_INFOPLIST_FILE = YES;
				MARKETING_VERSION = 1.0;
				PRODUCT_BUNDLE_IDENTIFIER = com.techTask.weatherApp.WeatherUITests;
				PRODUCT_NAME = "$(TARGET_NAME)";
				SWIFT_EMIT_LOC_STRINGS = NO;
				SWIFT_VERSION = 5.0;
				TARGETED_DEVICE_FAMILY = "1,2";
				TEST_TARGET_NAME = Weather;
			};
			name = Release;
		};
/* End XCBuildConfiguration section */

/* Begin XCConfigurationList section */
		A8314669293745A200778640 /* Build configuration list for PBXProject "Weather" */ = {
			isa = XCConfigurationList;
			buildConfigurations = (
				A8314696293745A400778640 /* Debug */,
				A8314697293745A400778640 /* Release */,
			);
			defaultConfigurationIsVisible = 0;
			defaultConfigurationName = Release;
		};
		A8314698293745A400778640 /* Build configuration list for PBXNativeTarget "Weather" */ = {
			isa = XCConfigurationList;
			buildConfigurations = (
				A8314699293745A400778640 /* Debug */,
				A831469A293745A400778640 /* Release */,
			);
			defaultConfigurationIsVisible = 0;
			defaultConfigurationName = Release;
		};
		A831469B293745A400778640 /* Build configuration list for PBXNativeTarget "WeatherTests" */ = {
			isa = XCConfigurationList;
			buildConfigurations = (
				A831469C293745A400778640 /* Debug */,
				A831469D293745A400778640 /* Release */,
			);
			defaultConfigurationIsVisible = 0;
			defaultConfigurationName = Release;
		};
		A831469E293745A400778640 /* Build configuration list for PBXNativeTarget "WeatherUITests" */ = {
			isa = XCConfigurationList;
			buildConfigurations = (
				A831469F293745A400778640 /* Debug */,
				A83146A0293745A400778640 /* Release */,
			);
			defaultConfigurationIsVisible = 0;
			defaultConfigurationName = Release;
		};
/* End XCConfigurationList section */

/* Begin XCSwiftPackageProductDependency section */
		A83146A32937469400778640 /* UIComponents */ = {
			isa = XCSwiftPackageProductDependency;
			productName = UIComponents;
		};
		A83146A72937499700778640 /* Network */ = {
			isa = XCSwiftPackageProductDependency;
			productName = Network;
		};
/* End XCSwiftPackageProductDependency section */
	};
	rootObject = A8314666293745A200778640 /* Project object */;
}
